
Microsoft Visual Studio Solution File, Format Version 12.00
# Visual Studio Version 17
VisualStudioVersion = 17.9.34902.65
MinimumVisualStudioVersion = 10.0.40219.1
Project("{9A19103F-16F7-4668-BE54-9A1E7A4F7556}") = "OperacoesBasicas", "OperacoesBasicas.csproj", "{2C3445EE-FD6D-4CCD-855C-AF506FD2A80C}"
EndProject
Project("{2150E333-8FDC-42A3-9474-1A3956D46DE8}") = "Itens de Solução", "Itens de Solução", "{297404CF-07EF-4D55-B4A1-16D2C00B921E}"
EndProject
Global
	GlobalSection(SolutionConfigurationPlatforms) = preSolution
		Debug|Any CPU = Debug|Any CPU
		Release|Any CPU = Release|Any CPU
	EndGlobalSection
	GlobalSection(ProjectConfigurationPlatforms) = postSolution
		{2C3445EE-FD6D-4CCD-855C-AF506FD2A80C}.Debug|Any CPU.ActiveCfg = Debug|Any CPU
		{2C3445EE-FD6D-4CCD-855C-AF506FD2A80C}.Debug|Any CPU.Build.0 = Debug|Any CPU
		{2C3445EE-FD6D-4CCD-855C-AF506FD2A80C}.Release|Any CPU.ActiveCfg = Release|Any CPU
		{2C3445EE-FD6D-4CCD-855C-AF506FD2A80C}.Release|Any CPU.Build.0 = Release|Any CPU
	EndGlobalSection
	GlobalSection(SolutionProperties) = preSolution
		HideSolutionNode = FALSE
	EndGlobalSection
	GlobalSection(ExtensibilityGlobals) = postSolution
		SolutionGuid = {D7674745-45CD-463A-8486-7671135FD4DD}
	EndGlobalSection
EndGlobal
